// !$*UTF8*$!
{
	archiveVersion = 1;
	classes = {
	};
	objectVersion = 46;
	objects = {

/* Begin PBXBuildFile section */
		1FC1199217AD688168C79225 /* libPods-Fishread.a in Frameworks */ = {isa = PBXBuildFile; fileRef = 8C30D42C31278AEBE0BE06BA /* libPods-Fishread.a */; };
		531E8B6E1EDFDC3F007C26D2 /* NSString+Extend.m in Sources */ = {isa = PBXBuildFile; fileRef = 531E8B6B1EDFDC3F007C26D2 /* NSString+Extend.m */; };
		531E8B6F1EDFDC3F007C26D2 /* UIColor+WJColor.m in Sources */ = {isa = PBXBuildFile; fileRef = 531E8B6D1EDFDC3F007C26D2 /* UIColor+WJColor.m */; };
		531E8B721EDFE4A6007C26D2 /* TopViewController.m in Sources */ = {isa = PBXBuildFile; fileRef = 531E8B711EDFE4A6007C26D2 /* TopViewController.m */; };
		531E8B781EDFE582007C26D2 /* homeViewController.m in Sources */ = {isa = PBXBuildFile; fileRef = 531E8B771EDFE582007C26D2 /* homeViewController.m */; };
		531E8B7B1EDFEA71007C26D2 /* bookViewController.m in Sources */ = {isa = PBXBuildFile; fileRef = 531E8B7A1EDFEA71007C26D2 /* bookViewController.m */; };
		531E8B7E1EDFEA7A007C26D2 /* infoViewController.m in Sources */ = {isa = PBXBuildFile; fileRef = 531E8B7D1EDFEA7A007C26D2 /* infoViewController.m */; };
		531E8B851EDFF454007C26D2 /* PPNetworkCache.m in Sources */ = {isa = PBXBuildFile; fileRef = 531E8B821EDFF454007C26D2 /* PPNetworkCache.m */; };
		531E8B861EDFF454007C26D2 /* PPNetworkHelper.m in Sources */ = {isa = PBXBuildFile; fileRef = 531E8B841EDFF454007C26D2 /* PPNetworkHelper.m */; };
		534F61D31EDEB2C8007835ED /* main.m in Sources */ = {isa = PBXBuildFile; fileRef = 534F61D21EDEB2C8007835ED /* main.m */; };
		534F61D61EDEB2C8007835ED /* AppDelegate.m in Sources */ = {isa = PBXBuildFile; fileRef = 534F61D51EDEB2C8007835ED /* AppDelegate.m */; };
		534F61D91EDEB2C8007835ED /* ViewController.m in Sources */ = {isa = PBXBuildFile; fileRef = 534F61D81EDEB2C8007835ED /* ViewController.m */; };
		534F61DC1EDEB2C8007835ED /* Main.storyboard in Resources */ = {isa = PBXBuildFile; fileRef = 534F61DA1EDEB2C8007835ED /* Main.storyboard */; };
		534F61DE1EDEB2C8007835ED /* Assets.xcassets in Resources */ = {isa = PBXBuildFile; fileRef = 534F61DD1EDEB2C8007835ED /* Assets.xcassets */; };
		534F61E11EDEB2C8007835ED /* LaunchScreen.storyboard in Resources */ = {isa = PBXBuildFile; fileRef = 534F61DF1EDEB2C8007835ED /* LaunchScreen.storyboard */; };
/* End PBXBuildFile section */

/* Begin PBXFileReference section */
		531E8B671EDFD6D4007C26D2 /* PrefixHeader.pch */ = {isa = PBXFileReference; lastKnownFileType = sourcecode.c.h; path = PrefixHeader.pch; sourceTree = "<group>"; };
		531E8B6A1EDFDC3F007C26D2 /* NSString+Extend.h */ = {isa = PBXFileReference; fileEncoding = 4; lastKnownFileType = sourcecode.c.h; path = "NSString+Extend.h"; sourceTree = "<group>"; };
		531E8B6B1EDFDC3F007C26D2 /* NSString+Extend.m */ = {isa = PBXFileReference; fileEncoding = 4; lastKnownFileType = sourcecode.c.objc; path = "NSString+Extend.m"; sourceTree = "<group>"; };
		531E8B6C1EDFDC3F007C26D2 /* UIColor+WJColor.h */ = {isa = PBXFileReference; fileEncoding = 4; lastKnownFileType = sourcecode.c.h; path = "UIColor+WJColor.h"; sourceTree = "<group>"; };
		531E8B6D1EDFDC3F007C26D2 /* UIColor+WJColor.m */ = {isa = PBXFileReference; fileEncoding = 4; lastKnownFileType = sourcecode.c.objc; path = "UIColor+WJColor.m"; sourceTree = "<group>"; };
		531E8B701EDFE4A6007C26D2 /* TopViewController.h */ = {isa = PBXFileReference; fileEncoding = 4; lastKnownFileType = sourcecode.c.h; path = TopViewController.h; sourceTree = "<group>"; };
		531E8B711EDFE4A6007C26D2 /* TopViewController.m */ = {isa = PBXFileReference; fileEncoding = 4; lastKnownFileType = sourcecode.c.objc; path = TopViewController.m; sourceTree = "<group>"; };
		531E8B761EDFE582007C26D2 /* homeViewController.h */ = {isa = PBXFileReference; fileEncoding = 4; lastKnownFileType = sourcecode.c.h; path = homeViewController.h; sourceTree = "<group>"; };
		531E8B771EDFE582007C26D2 /* homeViewController.m */ = {isa = PBXFileReference; fileEncoding = 4; lastKnownFileType = sourcecode.c.objc; path = homeViewController.m; sourceTree = "<group>"; };
		531E8B791EDFEA71007C26D2 /* bookViewController.h */ = {isa = PBXFileReference; fileEncoding = 4; lastKnownFileType = sourcecode.c.h; path = bookViewController.h; sourceTree = "<group>"; };
		531E8B7A1EDFEA71007C26D2 /* bookViewController.m */ = {isa = PBXFileReference; fileEncoding = 4; lastKnownFileType = sourcecode.c.objc; path = bookViewController.m; sourceTree = "<group>"; };
		531E8B7C1EDFEA7A007C26D2 /* infoViewController.h */ = {isa = PBXFileReference; fileEncoding = 4; lastKnownFileType = sourcecode.c.h; path = infoViewController.h; sourceTree = "<group>"; };
		531E8B7D1EDFEA7A007C26D2 /* infoViewController.m */ = {isa = PBXFileReference; fileEncoding = 4; lastKnownFileType = sourcecode.c.objc; path = infoViewController.m; sourceTree = "<group>"; };
		531E8B811EDFF454007C26D2 /* PPNetworkCache.h */ = {isa = PBXFileReference; fileEncoding = 4; lastKnownFileType = sourcecode.c.h; path = PPNetworkCache.h; sourceTree = "<group>"; };
		531E8B821EDFF454007C26D2 /* PPNetworkCache.m */ = {isa = PBXFileReference; fileEncoding = 4; lastKnownFileType = sourcecode.c.objc; path = PPNetworkCache.m; sourceTree = "<group>"; };
		531E8B831EDFF454007C26D2 /* PPNetworkHelper.h */ = {isa = PBXFileReference; fileEncoding = 4; lastKnownFileType = sourcecode.c.h; path = PPNetworkHelper.h; sourceTree = "<group>"; };
		531E8B841EDFF454007C26D2 /* PPNetworkHelper.m */ = {isa = PBXFileReference; fileEncoding = 4; lastKnownFileType = sourcecode.c.objc; path = PPNetworkHelper.m; sourceTree = "<group>"; };
		534F61CE1EDEB2C8007835ED /* Fishread.app */ = {isa = PBXFileReference; explicitFileType = wrapper.application; includeInIndex = 0; path = Fishread.app; sourceTree = BUILT_PRODUCTS_DIR; };
		534F61D21EDEB2C8007835ED /* main.m */ = {isa = PBXFileReference; lastKnownFileType = sourcecode.c.objc; path = main.m; sourceTree = "<group>"; };
		534F61D41EDEB2C8007835ED /* AppDelegate.h */ = {isa = PBXFileReference; lastKnownFileType = sourcecode.c.h; path = AppDelegate.h; sourceTree = "<group>"; };
		534F61D51EDEB2C8007835ED /* AppDelegate.m */ = {isa = PBXFileReference; lastKnownFileType = sourcecode.c.objc; path = AppDelegate.m; sourceTree = "<group>"; };
		534F61D71EDEB2C8007835ED /* ViewController.h */ = {isa = PBXFileReference; lastKnownFileType = sourcecode.c.h; path = ViewController.h; sourceTree = "<group>"; };
		534F61D81EDEB2C8007835ED /* ViewController.m */ = {isa = PBXFileReference; lastKnownFileType = sourcecode.c.objc; path = ViewController.m; sourceTree = "<group>"; };
		534F61DB1EDEB2C8007835ED /* Base */ = {isa = PBXFileReference; lastKnownFileType = file.storyboard; name = Base; path = Base.lproj/Main.storyboard; sourceTree = "<group>"; };
		534F61DD1EDEB2C8007835ED /* Assets.xcassets */ = {isa = PBXFileReference; lastKnownFileType = folder.assetcatalog; path = Assets.xcassets; sourceTree = "<group>"; };
		534F61E01EDEB2C8007835ED /* Base */ = {isa = PBXFileReference; lastKnownFileType = file.storyboard; name = Base; path = Base.lproj/LaunchScreen.storyboard; sourceTree = "<group>"; };
		534F61E21EDEB2C8007835ED /* Info.plist */ = {isa = PBXFileReference; lastKnownFileType = text.plist.xml; path = Info.plist; sourceTree = "<group>"; };
		8C30D42C31278AEBE0BE06BA /* libPods-Fishread.a */ = {isa = PBXFileReference; explicitFileType = archive.ar; includeInIndex = 0; path = "libPods-Fishread.a"; sourceTree = BUILT_PRODUCTS_DIR; };
		DD6A90073D2ECAE789867F12 /* Pods-Fishread.debug.xcconfig */ = {isa = PBXFileReference; includeInIndex = 1; lastKnownFileType = text.xcconfig; name = "Pods-Fishread.debug.xcconfig"; path = "Pods/Target Support Files/Pods-Fishread/Pods-Fishread.debug.xcconfig"; sourceTree = "<group>"; };
		E55AAE7D7D98F8138FB74FD7 /* Pods-Fishread.release.xcconfig */ = {isa = PBXFileReference; includeInIndex = 1; lastKnownFileType = text.xcconfig; name = "Pods-Fishread.release.xcconfig"; path = "Pods/Target Support Files/Pods-Fishread/Pods-Fishread.release.xcconfig"; sourceTree = "<group>"; };
/* End PBXFileReference section */

/* Begin PBXFrameworksBuildPhase section */
		534F61CB1EDEB2C8007835ED /* Frameworks */ = {
			isa = PBXFrameworksBuildPhase;
			buildActionMask = 2147483647;
			files = (
				1FC1199217AD688168C79225 /* libPods-Fishread.a in Frameworks */,
			);
			runOnlyForDeploymentPostprocessing = 0;
		};
/* End PBXFrameworksBuildPhase section */

/* Begin PBXGroup section */
		0F770A9536C0D195137FA64A /* Pods */ = {
			isa = PBXGroup;
			children = (
				DD6A90073D2ECAE789867F12 /* Pods-Fishread.debug.xcconfig */,
				E55AAE7D7D98F8138FB74FD7 /* Pods-Fishread.release.xcconfig */,
			);
			name = Pods;
			sourceTree = "<group>";
		};
		38D3B4A42401E65FA50B8BA1 /* Frameworks */ = {
			isa = PBXGroup;
			children = (
				8C30D42C31278AEBE0BE06BA /* libPods-Fishread.a */,
			);
			name = Frameworks;
			sourceTree = "<group>";
		};
		531E8B651EDFD4F2007C26D2 /* other */ = {
			isa = PBXGroup;
			children = (
				534F61D41EDEB2C8007835ED /* AppDelegate.h */,
				534F61D51EDEB2C8007835ED /* AppDelegate.m */,
				534F61D71EDEB2C8007835ED /* ViewController.h */,
				534F61D81EDEB2C8007835ED /* ViewController.m */,
				534F61DA1EDEB2C8007835ED /* Main.storyboard */,
				534F61DD1EDEB2C8007835ED /* Assets.xcassets */,
				534F61DF1EDEB2C8007835ED /* LaunchScreen.storyboard */,
				534F61E21EDEB2C8007835ED /* Info.plist */,
				531E8B671EDFD6D4007C26D2 /* PrefixHeader.pch */,
				534F61D11EDEB2C8007835ED /* Supporting Files */,
			);
			name = other;
			sourceTree = "<group>";
		};
		531E8B661EDFD4F7007C26D2 /* base */ = {
			isa = PBXGroup;
			children = (
				531E8B701EDFE4A6007C26D2 /* TopViewController.h */,
				531E8B711EDFE4A6007C26D2 /* TopViewController.m */,
			);
			name = base;
			sourceTree = "<group>";
		};
		531E8B681EDFDC23007C26D2 /* utlis */ = {
			isa = PBXGroup;
			children = (
				531E8B7F1EDFF43F007C26D2 /* manager */,
				531E8B691EDFDC3F007C26D2 /* color */,
			);
			name = utlis;
			sourceTree = "<group>";
		};
		531E8B691EDFDC3F007C26D2 /* color */ = {
			isa = PBXGroup;
			children = (
				531E8B6A1EDFDC3F007C26D2 /* NSString+Extend.h */,
				531E8B6B1EDFDC3F007C26D2 /* NSString+Extend.m */,
				531E8B6C1EDFDC3F007C26D2 /* UIColor+WJColor.h */,
				531E8B6D1EDFDC3F007C26D2 /* UIColor+WJColor.m */,
			);
			path = color;
			sourceTree = "<group>";
		};
		531E8B731EDFE55A007C26D2 /* 首页 */ = {
			isa = PBXGroup;
			children = (
				531E8B761EDFE582007C26D2 /* homeViewController.h */,
				531E8B771EDFE582007C26D2 /* homeViewController.m */,
			);
			name = "首页";
			sourceTree = "<group>";
		};
		531E8B741EDFE569007C26D2 /* 书圈 */ = {
			isa = PBXGroup;
			children = (
				531E8B791EDFEA71007C26D2 /* bookViewController.h */,
				531E8B7A1EDFEA71007C26D2 /* bookViewController.m */,
			);
			name = "书圈";
			sourceTree = "<group>";
		};
		531E8B751EDFE571007C26D2 /* 我的 */ = {
			isa = PBXGroup;
			children = (
				531E8B7C1EDFEA7A007C26D2 /* infoViewController.h */,
				531E8B7D1EDFEA7A007C26D2 /* infoViewController.m */,
			);
			name = "我的";
			sourceTree = "<group>";
		};
		531E8B7F1EDFF43F007C26D2 /* manager */ = {
			isa = PBXGroup;
			children = (
				531E8B801EDFF454007C26D2 /* PPNetworkHelper */,
			);
			name = manager;
			sourceTree = "<group>";
		};
		531E8B801EDFF454007C26D2 /* PPNetworkHelper */ = {
			isa = PBXGroup;
			children = (
				531E8B811EDFF454007C26D2 /* PPNetworkCache.h */,
				531E8B821EDFF454007C26D2 /* PPNetworkCache.m */,
				531E8B831EDFF454007C26D2 /* PPNetworkHelper.h */,
				531E8B841EDFF454007C26D2 /* PPNetworkHelper.m */,
			);
			path = PPNetworkHelper;
			sourceTree = "<group>";
		};
		534F61C51EDEB2C8007835ED = {
			isa = PBXGroup;
			children = (
				534F61D01EDEB2C8007835ED /* Fishread */,
				534F61CF1EDEB2C8007835ED /* Products */,
				0F770A9536C0D195137FA64A /* Pods */,
				38D3B4A42401E65FA50B8BA1 /* Frameworks */,
			);
			sourceTree = "<group>";
		};
		534F61CF1EDEB2C8007835ED /* Products */ = {
			isa = PBXGroup;
			children = (
				534F61CE1EDEB2C8007835ED /* Fishread.app */,
			);
			name = Products;
			sourceTree = "<group>";
		};
		534F61D01EDEB2C8007835ED /* Fishread */ = {
			isa = PBXGroup;
			children = (
				531E8B681EDFDC23007C26D2 /* utlis */,
				531E8B661EDFD4F7007C26D2 /* base */,
				531E8B731EDFE55A007C26D2 /* 首页 */,
				531E8B741EDFE569007C26D2 /* 书圈 */,
				531E8B751EDFE571007C26D2 /* 我的 */,
				531E8B651EDFD4F2007C26D2 /* other */,
			);
			path = Fishread;
			sourceTree = "<group>";
		};
		534F61D11EDEB2C8007835ED /* Supporting Files */ = {
			isa = PBXGroup;
			children = (
				534F61D21EDEB2C8007835ED /* main.m */,
			);
			name = "Supporting Files";
			sourceTree = "<group>";
		};
/* End PBXGroup section */

/* Begin PBXNativeTarget section */
		534F61CD1EDEB2C8007835ED /* Fishread */ = {
			isa = PBXNativeTarget;
			buildConfigurationList = 534F61E51EDEB2C8007835ED /* Build configuration list for PBXNativeTarget "Fishread" */;
			buildPhases = (
				813B493362493D0888E386F7 /* [CP] Check Pods Manifest.lock */,
				534F61CA1EDEB2C8007835ED /* Sources */,
				534F61CB1EDEB2C8007835ED /* Frameworks */,
				534F61CC1EDEB2C8007835ED /* Resources */,
				1871616C7E05BC116D9FCC02 /* [CP] Embed Pods Frameworks */,
				0B5F0BED623D81AAB9149100 /* [CP] Copy Pods Resources */,
			);
			buildRules = (
			);
			dependencies = (
			);
			name = Fishread;
			productName = Fishread;
			productReference = 534F61CE1EDEB2C8007835ED /* Fishread.app */;
			productType = "com.apple.product-type.application";
		};
/* End PBXNativeTarget section */

/* Begin PBXProject section */
		534F61C61EDEB2C8007835ED /* Project object */ = {
			isa = PBXProject;
			attributes = {
				LastUpgradeCheck = 0830;
				ORGANIZATIONNAME = wangjungang;
				TargetAttributes = {
					534F61CD1EDEB2C8007835ED = {
						CreatedOnToolsVersion = 8.3.2;
						DevelopmentTeam = GZJLNU22Y5;
						ProvisioningStyle = Automatic;
					};
				};
			};
			buildConfigurationList = 534F61C91EDEB2C8007835ED /* Build configuration list for PBXProject "Fishread" */;
			compatibilityVersion = "Xcode 3.2";
			developmentRegion = English;
			hasScannedForEncodings = 0;
			knownRegions = (
				en,
				Base,
			);
			mainGroup = 534F61C51EDEB2C8007835ED;
			productRefGroup = 534F61CF1EDEB2C8007835ED /* Products */;
			projectDirPath = "";
			projectRoot = "";
			targets = (
				534F61CD1EDEB2C8007835ED /* Fishread */,
			);
		};
/* End PBXProject section */

/* Begin PBXResourcesBuildPhase section */
		534F61CC1EDEB2C8007835ED /* Resources */ = {
			isa = PBXResourcesBuildPhase;
			buildActionMask = 2147483647;
			files = (
				534F61E11EDEB2C8007835ED /* LaunchScreen.storyboard in Resources */,
				534F61DE1EDEB2C8007835ED /* Assets.xcassets in Resources */,
				534F61DC1EDEB2C8007835ED /* Main.storyboard in Resources */,
			);
			runOnlyForDeploymentPostprocessing = 0;
		};
/* End PBXResourcesBuildPhase section */

/* Begin PBXShellScriptBuildPhase section */
		0B5F0BED623D81AAB9149100 /* [CP] Copy Pods Resources */ = {
			isa = PBXShellScriptBuildPhase;
			buildActionMask = 2147483647;
			files = (
			);
			inputPaths = (
			);
			name = "[CP] Copy Pods Resources";
			outputPaths = (
			);
			runOnlyForDeploymentPostprocessing = 0;
			shellPath = /bin/sh;
			shellScript = "\"${SRCROOT}/Pods/Target Support Files/Pods-Fishread/Pods-Fishread-resources.sh\"\n";
			showEnvVarsInLog = 0;
		};
		1871616C7E05BC116D9FCC02 /* [CP] Embed Pods Frameworks */ = {
			isa = PBXShellScriptBuildPhase;
			buildActionMask = 2147483647;
			files = (
			);
			inputPaths = (
			);
			name = "[CP] Embed Pods Frameworks";
			outputPaths = (
			);
			runOnlyForDeploymentPostprocessing = 0;
			shellPath = /bin/sh;
			shellScript = "\"${SRCROOT}/Pods/Target Support Files/Pods-Fishread/Pods-Fishread-frameworks.sh\"\n";
			showEnvVarsInLog = 0;
		};
		813B493362493D0888E386F7 /* [CP] Check Pods Manifest.lock */ = {
			isa = PBXShellScriptBuildPhase;
			buildActionMask = 2147483647;
			files = (
			);
			inputPaths = (
			);
			name = "[CP] Check Pods Manifest.lock";
			outputPaths = (
			);
			runOnlyForDeploymentPostprocessing = 0;
			shellPath = /bin/sh;
			shellScript = "diff \"${PODS_PODFILE_DIR_PATH}/Podfile.lock\" \"${PODS_ROOT}/Manifest.lock\" > /dev/null\nif [ $? != 0 ] ; then\n    # print error to STDERR\n    echo \"error: The sandbox is not in sync with the Podfile.lock. Run 'pod install' or update your CocoaPods installation.\" >&2\n    exit 1\nfi\n";
			showEnvVarsInLog = 0;
		};
/* End PBXShellScriptBuildPhase section */

/* Begin PBXSourcesBuildPhase section */
		534F61CA1EDEB2C8007835ED /* Sources */ = {
			isa = PBXSourcesBuildPhase;
			buildActionMask = 2147483647;
			files = (
				534F61D91EDEB2C8007835ED /* ViewController.m in Sources */,
				531E8B7B1EDFEA71007C26D2 /* bookViewController.m in Sources */,
				531E8B7E1EDFEA7A007C26D2 /* infoViewController.m in Sources */,
				531E8B781EDFE582007C26D2 /* homeViewController.m in Sources */,
				534F61D61EDEB2C8007835ED /* AppDelegate.m in Sources */,
				531E8B851EDFF454007C26D2 /* PPNetworkCache.m in Sources */,
				531E8B861EDFF454007C26D2 /* PPNetworkHelper.m in Sources */,
				531E8B721EDFE4A6007C26D2 /* TopViewController.m in Sources */,
				531E8B6F1EDFDC3F007C26D2 /* UIColor+WJColor.m in Sources */,
				534F61D31EDEB2C8007835ED /* main.m in Sources */,
				531E8B6E1EDFDC3F007C26D2 /* NSString+Extend.m in Sources */,
			);
			runOnlyForDeploymentPostprocessing = 0;
		};
/* End PBXSourcesBuildPhase section */

/* Begin PBXVariantGroup section */
		534F61DA1EDEB2C8007835ED /* Main.storyboard */ = {
			isa = PBXVariantGroup;
			children = (
				534F61DB1EDEB2C8007835ED /* Base */,
			);
			name = Main.storyboard;
			sourceTree = "<group>";
		};
		534F61DF1EDEB2C8007835ED /* LaunchScreen.storyboard */ = {
			isa = PBXVariantGroup;
			children = (
				534F61E01EDEB2C8007835ED /* Base */,
			);
			name = LaunchScreen.storyboard;
			sourceTree = "<group>";
		};
/* End PBXVariantGroup section */

/* Begin XCBuildConfiguration section */
		534F61E31EDEB2C8007835ED /* Debug */ = {
			isa = XCBuildConfiguration;
			buildSettings = {
				ALWAYS_SEARCH_USER_PATHS = NO;
				CLANG_ANALYZER_NONNULL = YES;
				CLANG_ANALYZER_NUMBER_OBJECT_CONVERSION = YES_AGGRESSIVE;
				CLANG_CXX_LANGUAGE_STANDARD = "gnu++0x";
				CLANG_CXX_LIBRARY = "libc++";
				CLANG_ENABLE_MODULES = YES;
				CLANG_ENABLE_OBJC_ARC = YES;
				CLANG_WARN_BOOL_CONVERSION = YES;
				CLANG_WARN_CONSTANT_CONVERSION = YES;
				CLANG_WARN_DIRECT_OBJC_ISA_USAGE = YES_ERROR;
				CLANG_WARN_DOCUMENTATION_COMMENTS = YES;
				CLANG_WARN_EMPTY_BODY = YES;
				CLANG_WARN_ENUM_CONVERSION = YES;
				CLANG_WARN_INFINITE_RECURSION = YES;
				CLANG_WARN_INT_CONVERSION = YES;
				CLANG_WARN_OBJC_ROOT_CLASS = YES_ERROR;
				CLANG_WARN_SUSPICIOUS_MOVE = YES;
				CLANG_WARN_UNREACHABLE_CODE = YES;
				CLANG_WARN__DUPLICATE_METHOD_MATCH = YES;
				"CODE_SIGN_IDENTITY[sdk=iphoneos*]" = "iPhone Developer";
				COPY_PHASE_STRIP = NO;
				DEBUG_INFORMATION_FORMAT = dwarf;
				ENABLE_STRICT_OBJC_MSGSEND = YES;
				ENABLE_TESTABILITY = YES;
				GCC_C_LANGUAGE_STANDARD = gnu99;
				GCC_DYNAMIC_NO_PIC = NO;
				GCC_NO_COMMON_BLOCKS = YES;
				GCC_OPTIMIZATION_LEVEL = 0;
				GCC_PREPROCESSOR_DEFINITIONS = (
					"DEBUG=1",
					"$(inherited)",
				);
				GCC_WARN_64_TO_32_BIT_CONVERSION = YES;
				GCC_WARN_ABOUT_RETURN_TYPE = YES_ERROR;
				GCC_WARN_UNDECLARED_SELECTOR = YES;
				GCC_WARN_UNINITIALIZED_AUTOS = YES_AGGRESSIVE;
				GCC_WARN_UNUSED_FUNCTION = YES;
				GCC_WARN_UNUSED_VARIABLE = YES;
				IPHONEOS_DEPLOYMENT_TARGET = 10.3;
				MTL_ENABLE_DEBUG_INFO = YES;
				ONLY_ACTIVE_ARCH = YES;
				SDKROOT = iphoneos;
				TARGETED_DEVICE_FAMILY = "1,2";
			};
			name = Debug;
		};
		534F61E41EDEB2C8007835ED /* Release */ = {
			isa = XCBuildConfiguration;
			buildSettings = {
				ALWAYS_SEARCH_USER_PATHS = NO;
				CLANG_ANALYZER_NONNULL = YES;
				CLANG_ANALYZER_NUMBER_OBJECT_CONVERSION = YES_AGGRESSIVE;
				CLANG_CXX_LANGUAGE_STANDARD = "gnu++0x";
				CLANG_CXX_LIBRARY = "libc++";
				CLANG_ENABLE_MODULES = YES;
				CLANG_ENABLE_OBJC_ARC = YES;
				CLANG_WARN_BOOL_CONVERSION = YES;
				CLANG_WARN_CONSTANT_CONVERSION = YES;
				CLANG_WARN_DIRECT_OBJC_ISA_USAGE = YES_ERROR;
				CLANG_WARN_DOCUMENTATION_COMMENTS = YES;
				CLANG_WARN_EMPTY_BODY = YES;
				CLANG_WARN_ENUM_CONVERSION = YES;
				CLANG_WARN_INFINITE_RECURSION = YES;
				CLANG_WARN_INT_CONVERSION = YES;
				CLANG_WARN_OBJC_ROOT_CLASS = YES_ERROR;
				CLANG_WARN_SUSPICIOUS_MOVE = YES;
				CLANG_WARN_UNREACHABLE_CODE = YES;
				CLANG_WARN__DUPLICATE_METHOD_MATCH = YES;
				"CODE_SIGN_IDENTITY[sdk=iphoneos*]" = "iPhone Developer";
				COPY_PHASE_STRIP = NO;
				DEBUG_INFORMATION_FORMAT = "dwarf-with-dsym";
				ENABLE_NS_ASSERTIONS = NO;
				ENABLE_STRICT_OBJC_MSGSEND = YES;
				GCC_C_LANGUAGE_STANDARD = gnu99;
				GCC_NO_COMMON_BLOCKS = YES;
				GCC_WARN_64_TO_32_BIT_CONVERSION = YES;
				GCC_WARN_ABOUT_RETURN_TYPE = YES_ERROR;
				GCC_WARN_UNDECLARED_SELECTOR = YES;
				GCC_WARN_UNINITIALIZED_AUTOS = YES_AGGRESSIVE;
				GCC_WARN_UNUSED_FUNCTION = YES;
				GCC_WARN_UNUSED_VARIABLE = YES;
				IPHONEOS_DEPLOYMENT_TARGET = 10.3;
				MTL_ENABLE_DEBUG_INFO = NO;
				SDKROOT = iphoneos;
				TARGETED_DEVICE_FAMILY = "1,2";
				VALIDATE_PRODUCT = YES;
			};
			name = Release;
		};
		534F61E61EDEB2C8007835ED /* Debug */ = {
			isa = XCBuildConfiguration;
			baseConfigurationReference = DD6A90073D2ECAE789867F12 /* Pods-Fishread.debug.xcconfig */;
			buildSettings = {
				ASSETCATALOG_COMPILER_APPICON_NAME = AppIcon;
				DEVELOPMENT_TEAM = GZJLNU22Y5;
				GCC_PRECOMPILE_PREFIX_HEADER = YES;
				GCC_PREFIX_HEADER = "$(SRCROOT)/Fishread/PrefixHeader.pch";
				INFOPLIST_FILE = Fishread/Info.plist;
				LD_RUNPATH_SEARCH_PATHS = "$(inherited) @executable_path/Frameworks";
				PRODUCT_BUNDLE_IDENTIFIER = com.wangjungang.Fishread;
				PRODUCT_NAME = "$(TARGET_NAME)";
				TARGETED_DEVICE_FAMILY = 1;
			};
			name = Debug;
		};
		534F61E71EDEB2C8007835ED /* Release */ = {
			isa = XCBuildConfiguration;
			baseConfigurationReference = E55AAE7D7D98F8138FB74FD7 /* Pods-Fishread.release.xcconfig */;
			buildSettings = {
				ASSETCATALOG_COMPILER_APPICON_NAME = AppIcon;
				DEVELOPMENT_TEAM = GZJLNU22Y5;
				GCC_PRECOMPILE_PREFIX_HEADER = YES;
				GCC_PREFIX_HEADER = "$(SRCROOT)/Fishread/PrefixHeader.pch";
				INFOPLIST_FILE = Fishread/Info.plist;
				LD_RUNPATH_SEARCH_PATHS = "$(inherited) @executable_path/Frameworks";
				PRODUCT_BUNDLE_IDENTIFIER = com.wangjungang.Fishread;
				PRODUCT_NAME = "$(TARGET_NAME)";
				TARGETED_DEVICE_FAMILY = 1;
			};
			name = Release;
		};
/* End XCBuildConfiguration section */

/* Begin XCConfigurationList section */
		534F61C91EDEB2C8007835ED /* Build configuration list for PBXProject "Fishread" */ = {
			isa = XCConfigurationList;
			buildConfigurations = (
				534F61E31EDEB2C8007835ED /* Debug */,
				534F61E41EDEB2C8007835ED /* Release */,
			);
			defaultConfigurationIsVisible = 0;
			defaultConfigurationName = Release;
		};
		534F61E51EDEB2C8007835ED /* Build configuration list for PBXNativeTarget "Fishread" */ = {
			isa = XCConfigurationList;
			buildConfigurations = (
				534F61E61EDEB2C8007835ED /* Debug */,
				534F61E71EDEB2C8007835ED /* Release */,
			);
			defaultConfigurationIsVisible = 0;
			defaultConfigurationName = Release;
		};
/* End XCConfigurationList section */
	};
	rootObject = 534F61C61EDEB2C8007835ED /* Project object */;
}
